
Microsoft Visual Studio Solution File, Format Version 12.00
# Visual Studio Version 17
VisualStudioVersion = 17.0.31903.59
MinimumVisualStudioVersion = 10.0.40219.1
Project("{2150E333-8FDC-42A3-9474-1A3956D46DE8}") = "src", "src", "{827E0CD3-B72D-47B6-A68D-7590B98EB39B}"
EndProject
Project("{FAE04EC0-301F-11D3-BF4B-00C04F79EFBC}") = "CodexUsageNotifier", "src\CodexUsageNotifier\CodexUsageNotifier.csproj", "{EDB8F256-A708-46D1-B46C-38F11754C486}"
EndProject
Project("{FAE04EC0-301F-11D3-BF4B-00C04F79EFBC}") = "CodexUsageNotifier.Tests", "tests\CodexUsageNotifier.Tests\CodexUsageNotifier.Tests.csproj", "{AD4DB1F6-171A-41B8-8EE8-49EFCBC63005}"
EndProject
Global
	GlobalSection(SolutionConfigurationPlatforms) = preSolution
		Debug|Any CPU = Debug|Any CPU
		Debug|x64 = Debug|x64
		Debug|x86 = Debug|x86
		Release|Any CPU = Release|Any CPU
		Release|x64 = Release|x64
		Release|x86 = Release|x86
	EndGlobalSection
	GlobalSection(ProjectConfigurationPlatforms) = postSolution
		{EDB8F256-A708-46D1-B46C-38F11754C486}.Debug|Any CPU.ActiveCfg = Debug|Any CPU
		{EDB8F256-A708-46D1-B46C-38F11754C486}.Debug|Any CPU.Build.0 = Debug|Any CPU
		{EDB8F256-A708-46D1-B46C-38F11754C486}.Debug|x64.ActiveCfg = Debug|Any CPU
		{EDB8F256-A708-46D1-B46C-38F11754C486}.Debug|x64.Build.0 = Debug|Any CPU
		{EDB8F256-A708-46D1-B46C-38F11754C486}.Debug|x86.ActiveCfg = Debug|Any CPU
		{EDB8F256-A708-46D1-B46C-38F11754C486}.Debug|x86.Build.0 = Debug|Any CPU
		{EDB8F256-A708-46D1-B46C-38F11754C486}.Release|Any CPU.ActiveCfg = Release|Any CPU
		{EDB8F256-A708-46D1-B46C-38F11754C486}.Release|Any CPU.Build.0 = Release|Any CPU
		{EDB8F256-A708-46D1-B46C-38F11754C486}.Release|x64.ActiveCfg = Release|Any CPU
		{EDB8F256-A708-46D1-B46C-38F11754C486}.Release|x64.Build.0 = Release|Any CPU
		{EDB8F256-A708-46D1-B46C-38F11754C486}.Release|x86.ActiveCfg = Release|Any CPU
		{EDB8F256-A708-46D1-B46C-38F11754C486}.Release|x86.Build.0 = Release|Any CPU
		{AD4DB1F6-171A-41B8-8EE8-49EFCBC63005}.Debug|Any CPU.ActiveCfg = Debug|Any CPU
		{AD4DB1F6-171A-41B8-8EE8-49EFCBC63005}.Debug|Any CPU.Build.0 = Debug|Any CPU
		{AD4DB1F6-171A-41B8-8EE8-49EFCBC63005}.Debug|x64.ActiveCfg = Debug|Any CPU
		{AD4DB1F6-171A-41B8-8EE8-49EFCBC63005}.Debug|x64.Build.0 = Debug|Any CPU
		{AD4DB1F6-171A-41B8-8EE8-49EFCBC63005}.Debug|x86.ActiveCfg = Debug|Any CPU
		{AD4DB1F6-171A-41B8-8EE8-49EFCBC63005}.Debug|x86.Build.0 = Debug|Any CPU
		{AD4DB1F6-171A-41B8-8EE8-49EFCBC63005}.Release|Any CPU.ActiveCfg = Release|Any CPU
		{AD4DB1F6-171A-41B8-8EE8-49EFCBC63005}.Release|Any CPU.Build.0 = Release|Any CPU
		{AD4DB1F6-171A-41B8-8EE8-49EFCBC63005}.Release|x64.ActiveCfg = Release|Any CPU
		{AD4DB1F6-171A-41B8-8EE8-49EFCBC63005}.Release|x64.Build.0 = Release|Any CPU
		{AD4DB1F6-171A-41B8-8EE8-49EFCBC63005}.Release|x86.ActiveCfg = Release|Any CPU
		{AD4DB1F6-171A-41B8-8EE8-49EFCBC63005}.Release|x86.Build.0 = Release|Any CPU
	EndGlobalSection
	GlobalSection(SolutionProperties) = preSolution
		HideSolutionNode = FALSE
	EndGlobalSection
	GlobalSection(NestedProjects) = preSolution
		{EDB8F256-A708-46D1-B46C-38F11754C486} = {827E0CD3-B72D-47B6-A68D-7590B98EB39B}
		{AD4DB1F6-171A-41B8-8EE8-49EFCBC63005} = {827E0CD3-B72D-47B6-A68D-7590B98EB39B}
	EndGlobalSection
EndGlobal
